// !$*UTF8*$!
{
	archiveVersion = 1;
	classes = {
	};
	objectVersion = 46;
	objects = {

/* Begin PBXBuildFile section */
		F25D3B7F1BCA9F1800ECE9EF /* HXSlideViewController.m in Sources */ = {isa = PBXBuildFile; fileRef = F25D3B7E1BCA9F1800ECE9EF /* HXSlideViewController.m */; settings = {ASSET_TAGS = (); }; };
		F25D3B851BD2A14300ECE9EF /* ALeftViewController.m in Sources */ = {isa = PBXBuildFile; fileRef = F25D3B841BD2A14300ECE9EF /* ALeftViewController.m */; settings = {ASSET_TAGS = (); }; };
		F25D3B881BD2A14F00ECE9EF /* BLeftViewController.m in Sources */ = {isa = PBXBuildFile; fileRef = F25D3B871BD2A14F00ECE9EF /* BLeftViewController.m */; settings = {ASSET_TAGS = (); }; };
		F25D3B8B1BD2A15900ECE9EF /* ARightViewController.m in Sources */ = {isa = PBXBuildFile; fileRef = F25D3B8A1BD2A15900ECE9EF /* ARightViewController.m */; settings = {ASSET_TAGS = (); }; };
		F25D3B8E1BD2A16700ECE9EF /* BRightViewController.m in Sources */ = {isa = PBXBuildFile; fileRef = F25D3B8D1BD2A16700ECE9EF /* BRightViewController.m */; settings = {ASSET_TAGS = (); }; };
		F25D3B911BD2AE6E00ECE9EF /* UIView+CoordinateRelationship.m in Sources */ = {isa = PBXBuildFile; fileRef = F25D3B901BD2AE6E00ECE9EF /* UIView+CoordinateRelationship.m */; settings = {ASSET_TAGS = (); }; };
		F25D3B951BD3355A00ECE9EF /* HXRootViewController.m in Sources */ = {isa = PBXBuildFile; fileRef = F25D3B941BD3355A00ECE9EF /* HXRootViewController.m */; settings = {ASSET_TAGS = (); }; };
		F2F1F7291B71155B009DBC4C /* main.m in Sources */ = {isa = PBXBuildFile; fileRef = F2F1F7281B71155B009DBC4C /* main.m */; };
		F2F1F72C1B71155B009DBC4C /* AppDelegate.m in Sources */ = {isa = PBXBuildFile; fileRef = F2F1F72B1B71155B009DBC4C /* AppDelegate.m */; };
		F2F1F72F1B71155B009DBC4C /* HXSlideViewController.xcdatamodeld in Sources */ = {isa = PBXBuildFile; fileRef = F2F1F72D1B71155B009DBC4C /* HXSlideViewController.xcdatamodeld */; };
		F2F1F7321B71155B009DBC4C /* ViewController.m in Sources */ = {isa = PBXBuildFile; fileRef = F2F1F7311B71155B009DBC4C /* ViewController.m */; };
		F2F1F7371B71155B009DBC4C /* Images.xcassets in Resources */ = {isa = PBXBuildFile; fileRef = F2F1F7361B71155B009DBC4C /* Images.xcassets */; };
		F2F1F7461B71155B009DBC4C /* HXSlideViewControllerTests.m in Sources */ = {isa = PBXBuildFile; fileRef = F2F1F7451B71155B009DBC4C /* HXSlideViewControllerTests.m */; };
/* End PBXBuildFile section */

/* Begin PBXContainerItemProxy section */
		F2F1F7401B71155B009DBC4C /* PBXContainerItemProxy */ = {
			isa = PBXContainerItemProxy;
			containerPortal = F2F1F71B1B71155B009DBC4C /* Project object */;
			proxyType = 1;
			remoteGlobalIDString = F2F1F7221B71155B009DBC4C;
			remoteInfo = HXSlideViewController;
		};
/* End PBXContainerItemProxy section */

/* Begin PBXFileReference section */
		F25D3B7D1BCA9F1800ECE9EF /* HXSlideViewController.h */ = {isa = PBXFileReference; fileEncoding = 4; lastKnownFileType = sourcecode.c.h; path = HXSlideViewController.h; sourceTree = "<group>"; };
		F25D3B7E1BCA9F1800ECE9EF /* HXSlideViewController.m */ = {isa = PBXFileReference; fileEncoding = 4; lastKnownFileType = sourcecode.c.objc; path = HXSlideViewController.m; sourceTree = "<group>"; };
		F25D3B831BD2A14300ECE9EF /* ALeftViewController.h */ = {isa = PBXFileReference; fileEncoding = 4; lastKnownFileType = sourcecode.c.h; path = ALeftViewController.h; sourceTree = "<group>"; };
		F25D3B841BD2A14300ECE9EF /* ALeftViewController.m */ = {isa = PBXFileReference; fileEncoding = 4; lastKnownFileType = sourcecode.c.objc; path = ALeftViewController.m; sourceTree = "<group>"; };
		F25D3B861BD2A14F00ECE9EF /* BLeftViewController.h */ = {isa = PBXFileReference; fileEncoding = 4; lastKnownFileType = sourcecode.c.h; path = BLeftViewController.h; sourceTree = "<group>"; };
		F25D3B871BD2A14F00ECE9EF /* BLeftViewController.m */ = {isa = PBXFileReference; fileEncoding = 4; lastKnownFileType = sourcecode.c.objc; path = BLeftViewController.m; sourceTree = "<group>"; };
		F25D3B891BD2A15900ECE9EF /* ARightViewController.h */ = {isa = PBXFileReference; fileEncoding = 4; lastKnownFileType = sourcecode.c.h; path = ARightViewController.h; sourceTree = "<group>"; };
		F25D3B8A1BD2A15900ECE9EF /* ARightViewController.m */ = {isa = PBXFileReference; fileEncoding = 4; lastKnownFileType = sourcecode.c.objc; path = ARightViewController.m; sourceTree = "<group>"; };
		F25D3B8C1BD2A16700ECE9EF /* BRightViewController.h */ = {isa = PBXFileReference; fileEncoding = 4; lastKnownFileType = sourcecode.c.h; path = BRightViewController.h; sourceTree = "<group>"; };
		F25D3B8D1BD2A16700ECE9EF /* BRightViewController.m */ = {isa = PBXFileReference; fileEncoding = 4; lastKnownFileType = sourcecode.c.objc; path = BRightViewController.m; sourceTree = "<group>"; };
		F25D3B8F1BD2AE6E00ECE9EF /* UIView+CoordinateRelationship.h */ = {isa = PBXFileReference; fileEncoding = 4; lastKnownFileType = sourcecode.c.h; path = "UIView+CoordinateRelationship.h"; sourceTree = "<group>"; };
		F25D3B901BD2AE6E00ECE9EF /* UIView+CoordinateRelationship.m */ = {isa = PBXFileReference; fileEncoding = 4; lastKnownFileType = sourcecode.c.objc; path = "UIView+CoordinateRelationship.m"; sourceTree = "<group>"; };
		F25D3B921BD2B04600ECE9EF /* Header.pch */ = {isa = PBXFileReference; lastKnownFileType = sourcecode.c.h; path = Header.pch; sourceTree = "<group>"; };
		F25D3B931BD3355A00ECE9EF /* HXRootViewController.h */ = {isa = PBXFileReference; fileEncoding = 4; lastKnownFileType = sourcecode.c.h; path = HXRootViewController.h; sourceTree = "<group>"; };
		F25D3B941BD3355A00ECE9EF /* HXRootViewController.m */ = {isa = PBXFileReference; fileEncoding = 4; lastKnownFileType = sourcecode.c.objc; path = HXRootViewController.m; sourceTree = "<group>"; };
		F2F1F7231B71155B009DBC4C /* HXSlideViewController.app */ = {isa = PBXFileReference; explicitFileType = wrapper.application; includeInIndex = 0; path = HXSlideViewController.app; sourceTree = BUILT_PRODUCTS_DIR; };
		F2F1F7271B71155B009DBC4C /* Info.plist */ = {isa = PBXFileReference; lastKnownFileType = text.plist.xml; path = Info.plist; sourceTree = "<group>"; };
		F2F1F7281B71155B009DBC4C /* main.m */ = {isa = PBXFileReference; lastKnownFileType = sourcecode.c.objc; path = main.m; sourceTree = "<group>"; };
		F2F1F72A1B71155B009DBC4C /* AppDelegate.h */ = {isa = PBXFileReference; lastKnownFileType = sourcecode.c.h; path = AppDelegate.h; sourceTree = "<group>"; };
		F2F1F72B1B71155B009DBC4C /* AppDelegate.m */ = {isa = PBXFileReference; lastKnownFileType = sourcecode.c.objc; path = AppDelegate.m; sourceTree = "<group>"; };
		F2F1F72E1B71155B009DBC4C /* HXSlideViewController.xcdatamodel */ = {isa = PBXFileReference; lastKnownFileType = wrapper.xcdatamodel; path = HXSlideViewController.xcdatamodel; sourceTree = "<group>"; };
		F2F1F7301B71155B009DBC4C /* ViewController.h */ = {isa = PBXFileReference; lastKnownFileType = sourcecode.c.h; path = ViewController.h; sourceTree = "<group>"; };
		F2F1F7311B71155B009DBC4C /* ViewController.m */ = {isa = PBXFileReference; lastKnownFileType = sourcecode.c.objc; path = ViewController.m; sourceTree = "<group>"; };
		F2F1F7361B71155B009DBC4C /* Images.xcassets */ = {isa = PBXFileReference; lastKnownFileType = folder.assetcatalog; path = Images.xcassets; sourceTree = "<group>"; };
		F2F1F73F1B71155B009DBC4C /* HXSlideViewControllerTests.xctest */ = {isa = PBXFileReference; explicitFileType = wrapper.cfbundle; includeInIndex = 0; path = HXSlideViewControllerTests.xctest; sourceTree = BUILT_PRODUCTS_DIR; };
		F2F1F7441B71155B009DBC4C /* Info.plist */ = {isa = PBXFileReference; lastKnownFileType = text.plist.xml; path = Info.plist; sourceTree = "<group>"; };
		F2F1F7451B71155B009DBC4C /* HXSlideViewControllerTests.m */ = {isa = PBXFileReference; lastKnownFileType = sourcecode.c.objc; path = HXSlideViewControllerTests.m; sourceTree = "<group>"; };
/* End PBXFileReference section */

/* Begin PBXFrameworksBuildPhase section */
		F2F1F7201B71155B009DBC4C /* Frameworks */ = {
			isa = PBXFrameworksBuildPhase;
			buildActionMask = 2147483647;
			files = (
			);
			runOnlyForDeploymentPostprocessing = 0;
		};
		F2F1F73C1B71155B009DBC4C /* Frameworks */ = {
			isa = PBXFrameworksBuildPhase;
			buildActionMask = 2147483647;
			files = (
			);
			runOnlyForDeploymentPostprocessing = 0;
		};
/* End PBXFrameworksBuildPhase section */

/* Begin PBXGroup section */
		F2F1F71A1B71155B009DBC4C = {
			isa = PBXGroup;
			children = (
				F2F1F7251B71155B009DBC4C /* HXSlideViewController */,
				F2F1F7421B71155B009DBC4C /* HXSlideViewControllerTests */,
				F2F1F7241B71155B009DBC4C /* Products */,
			);
			sourceTree = "<group>";
		};
		F2F1F7241B71155B009DBC4C /* Products */ = {
			isa = PBXGroup;
			children = (
				F2F1F7231B71155B009DBC4C /* HXSlideViewController.app */,
				F2F1F73F1B71155B009DBC4C /* HXSlideViewControllerTests.xctest */,
			);
			name = Products;
			sourceTree = "<group>";
		};
		F2F1F7251B71155B009DBC4C /* HXSlideViewController */ = {
			isa = PBXGroup;
			children = (
				F2F1F72A1B71155B009DBC4C /* AppDelegate.h */,
				F2F1F72B1B71155B009DBC4C /* AppDelegate.m */,
				F25D3B931BD3355A00ECE9EF /* HXRootViewController.h */,
				F25D3B941BD3355A00ECE9EF /* HXRootViewController.m */,
				F2F1F7301B71155B009DBC4C /* ViewController.h */,
				F2F1F7311B71155B009DBC4C /* ViewController.m */,
				F25D3B831BD2A14300ECE9EF /* ALeftViewController.h */,
				F25D3B841BD2A14300ECE9EF /* ALeftViewController.m */,
				F25D3B861BD2A14F00ECE9EF /* BLeftViewController.h */,
				F25D3B871BD2A14F00ECE9EF /* BLeftViewController.m */,
				F25D3B891BD2A15900ECE9EF /* ARightViewController.h */,
				F25D3B8A1BD2A15900ECE9EF /* ARightViewController.m */,
				F25D3B8C1BD2A16700ECE9EF /* BRightViewController.h */,
				F25D3B8D1BD2A16700ECE9EF /* BRightViewController.m */,
				F25D3B7D1BCA9F1800ECE9EF /* HXSlideViewController.h */,
				F25D3B7E1BCA9F1800ECE9EF /* HXSlideViewController.m */,
				F25D3B8F1BD2AE6E00ECE9EF /* UIView+CoordinateRelationship.h */,
				F25D3B901BD2AE6E00ECE9EF /* UIView+CoordinateRelationship.m */,
				F2F1F7361B71155B009DBC4C /* Images.xcassets */,
				F2F1F72D1B71155B009DBC4C /* HXSlideViewController.xcdatamodeld */,
				F2F1F7261B71155B009DBC4C /* Supporting Files */,
			);
			path = HXSlideViewController;
			sourceTree = "<group>";
		};
		F2F1F7261B71155B009DBC4C /* Supporting Files */ = {
			isa = PBXGroup;
			children = (
				F2F1F7271B71155B009DBC4C /* Info.plist */,
				F2F1F7281B71155B009DBC4C /* main.m */,
				F25D3B921BD2B04600ECE9EF /* Header.pch */,
			);
			name = "Supporting Files";
			sourceTree = "<group>";
		};
		F2F1F7421B71155B009DBC4C /* HXSlideViewControllerTests */ = {
			isa = PBXGroup;
			children = (
				F2F1F7451B71155B009DBC4C /* HXSlideViewControllerTests.m */,
				F2F1F7431B71155B009DBC4C /* Supporting Files */,
			);
			path = HXSlideViewControllerTests;
			sourceTree = "<group>";
		};
		F2F1F7431B71155B009DBC4C /* Supporting Files */ = {
			isa = PBXGroup;
			children = (
				F2F1F7441B71155B009DBC4C /* Info.plist */,
			);
			name = "Supporting Files";
			sourceTree = "<group>";
		};
/* End PBXGroup section */

/* Begin PBXNativeTarget section */
		F2F1F7221B71155B009DBC4C /* HXSlideViewController */ = {
			isa = PBXNativeTarget;
			buildConfigurationList = F2F1F7491B71155B009DBC4C /* Build configuration list for PBXNativeTarget "HXSlideViewController" */;
			buildPhases = (
				F2F1F71F1B71155B009DBC4C /* Sources */,
				F2F1F7201B71155B009DBC4C /* Frameworks */,
				F2F1F7211B71155B009DBC4C /* Resources */,
			);
			buildRules = (
			);
			dependencies = (
			);
			name = HXSlideViewController;
			productName = HXSlideViewController;
			productReference = F2F1F7231B71155B009DBC4C /* HXSlideViewController.app */;
			productType = "com.apple.product-type.application";
		};
		F2F1F73E1B71155B009DBC4C /* HXSlideViewControllerTests */ = {
			isa = PBXNativeTarget;
			buildConfigurationList = F2F1F74C1B71155B009DBC4C /* Build configuration list for PBXNativeTarget "HXSlideViewControllerTests" */;
			buildPhases = (
				F2F1F73B1B71155B009DBC4C /* Sources */,
				F2F1F73C1B71155B009DBC4C /* Frameworks */,
				F2F1F73D1B71155B009DBC4C /* Resources */,
			);
			buildRules = (
			);
			dependencies = (
				F2F1F7411B71155B009DBC4C /* PBXTargetDependency */,
			);
			name = HXSlideViewControllerTests;
			productName = HXSlideViewControllerTests;
			productReference = F2F1F73F1B71155B009DBC4C /* HXSlideViewControllerTests.xctest */;
			productType = "com.apple.product-type.bundle.unit-test";
		};
/* End PBXNativeTarget section */

/* Begin PBXProject section */
		F2F1F71B1B71155B009DBC4C /* Project object */ = {
			isa = PBXProject;
			attributes = {
				LastUpgradeCheck = 0700;
				ORGANIZATIONNAME = huangxiong;
				TargetAttributes = {
					F2F1F7221B71155B009DBC4C = {
						CreatedOnToolsVersion = 6.4;
					};
					F2F1F73E1B71155B009DBC4C = {
						CreatedOnToolsVersion = 6.4;
						TestTargetID = F2F1F7221B71155B009DBC4C;
					};
				};
			};
			buildConfigurationList = F2F1F71E1B71155B009DBC4C /* Build configuration list for PBXProject "HXSlideViewController" */;
			compatibilityVersion = "Xcode 3.2";
			developmentRegion = English;
			hasScannedForEncodings = 0;
			knownRegions = (
				en,
				Base,
			);
			mainGroup = F2F1F71A1B71155B009DBC4C;
			productRefGroup = F2F1F7241B71155B009DBC4C /* Products */;
			projectDirPath = "";
			projectRoot = "";
			targets = (
				F2F1F7221B71155B009DBC4C /* HXSlideViewController */,
				F2F1F73E1B71155B009DBC4C /* HXSlideViewControllerTests */,
			);
		};
/* End PBXProject section */

/* Begin PBXResourcesBuildPhase section */
		F2F1F7211B71155B009DBC4C /* Resources */ = {
			isa = PBXResourcesBuildPhase;
			buildActionMask = 2147483647;
			files = (
				F2F1F7371B71155B009DBC4C /* Images.xcassets in Resources */,
			);
			runOnlyForDeploymentPostprocessing = 0;
		};
		F2F1F73D1B71155B009DBC4C /* Resources */ = {
			isa = PBXResourcesBuildPhase;
			buildActionMask = 2147483647;
			files = (
			);
			runOnlyForDeploymentPostprocessing = 0;
		};
/* End PBXResourcesBuildPhase section */

/* Begin PBXSourcesBuildPhase section */
		F2F1F71F1B71155B009DBC4C /* Sources */ = {
			isa = PBXSourcesBuildPhase;
			buildActionMask = 2147483647;
			files = (
				F25D3B8E1BD2A16700ECE9EF /* BRightViewController.m in Sources */,
				F2F1F72C1B71155B009DBC4C /* AppDelegate.m in Sources */,
				F25D3B951BD3355A00ECE9EF /* HXRootViewController.m in Sources */,
				F2F1F7291B71155B009DBC4C /* main.m in Sources */,
				F25D3B881BD2A14F00ECE9EF /* BLeftViewController.m in Sources */,
				F25D3B7F1BCA9F1800ECE9EF /* HXSlideViewController.m in Sources */,
				F2F1F7321B71155B009DBC4C /* ViewController.m in Sources */,
				F2F1F72F1B71155B009DBC4C /* HXSlideViewController.xcdatamodeld in Sources */,
				F25D3B851BD2A14300ECE9EF /* ALeftViewController.m in Sources */,
				F25D3B911BD2AE6E00ECE9EF /* UIView+CoordinateRelationship.m in Sources */,
				F25D3B8B1BD2A15900ECE9EF /* ARightViewController.m in Sources */,
			);
			runOnlyForDeploymentPostprocessing = 0;
		};
		F2F1F73B1B71155B009DBC4C /* Sources */ = {
			isa = PBXSourcesBuildPhase;
			buildActionMask = 2147483647;
			files = (
				F2F1F7461B71155B009DBC4C /* HXSlideViewControllerTests.m in Sources */,
			);
			runOnlyForDeploymentPostprocessing = 0;
		};
/* End PBXSourcesBuildPhase section */

/* Begin PBXTargetDependency section */
		F2F1F7411B71155B009DBC4C /* PBXTargetDependency */ = {
			isa = PBXTargetDependency;
			target = F2F1F7221B71155B009DBC4C /* HXSlideViewController */;
			targetProxy = F2F1F7401B71155B009DBC4C /* PBXContainerItemProxy */;
		};
/* End PBXTargetDependency section */

/* Begin XCBuildConfiguration section */
		F2F1F7471B71155B009DBC4C /* Debug */ = {
			isa = XCBuildConfiguration;
			buildSettings = {
				ALWAYS_SEARCH_USER_PATHS = NO;
				CLANG_CXX_LANGUAGE_STANDARD = "gnu++0x";
				CLANG_CXX_LIBRARY = "libc++";
				CLANG_ENABLE_MODULES = YES;
				CLANG_ENABLE_OBJC_ARC = YES;
				CLANG_WARN_BOOL_CONVERSION = YES;
				CLANG_WARN_CONSTANT_CONVERSION = YES;
				CLANG_WARN_DIRECT_OBJC_ISA_USAGE = YES_ERROR;
				CLANG_WARN_EMPTY_BODY = YES;
				CLANG_WARN_ENUM_CONVERSION = YES;
				CLANG_WARN_INT_CONVERSION = YES;
				CLANG_WARN_OBJC_ROOT_CLASS = YES_ERROR;
				CLANG_WARN_UNREACHABLE_CODE = YES;
				CLANG_WARN__DUPLICATE_METHOD_MATCH = YES;
				"CODE_SIGN_IDENTITY[sdk=iphoneos*]" = "iPhone Developer";
				COPY_PHASE_STRIP = NO;
				DEBUG_INFORMATION_FORMAT = "dwarf-with-dsym";
				ENABLE_STRICT_OBJC_MSGSEND = YES;
				ENABLE_TESTABILITY = YES;
				GCC_C_LANGUAGE_STANDARD = gnu99;
				GCC_DYNAMIC_NO_PIC = NO;
				GCC_NO_COMMON_BLOCKS = YES;
				GCC_OPTIMIZATION_LEVEL = 0;
				GCC_PREPROCESSOR_DEFINITIONS = (
					"DEBUG=1",
					"$(inherited)",
				);
				GCC_SYMBOLS_PRIVATE_EXTERN = NO;
				GCC_WARN_64_TO_32_BIT_CONVERSION = YES;
				GCC_WARN_ABOUT_RETURN_TYPE = YES_ERROR;
				GCC_WARN_UNDECLARED_SELECTOR = YES;
				GCC_WARN_UNINITIALIZED_AUTOS = YES_AGGRESSIVE;
				GCC_WARN_UNUSED_FUNCTION = YES;
				GCC_WARN_UNUSED_VARIABLE = YES;
				IPHONEOS_DEPLOYMENT_TARGET = 8.4;
				MTL_ENABLE_DEBUG_INFO = YES;
				ONLY_ACTIVE_ARCH = YES;
				SDKROOT = iphoneos;
				TARGETED_DEVICE_FAMILY = "1,2";
			};
			name = Debug;
		};
		F2F1F7481B71155B009DBC4C /* Release */ = {
			isa = XCBuildConfiguration;
			buildSettings = {
				ALWAYS_SEARCH_USER_PATHS = NO;
				CLANG_CXX_LANGUAGE_STANDARD = "gnu++0x";
				CLANG_CXX_LIBRARY = "libc++";
				CLANG_ENABLE_MODULES = YES;
				CLANG_ENABLE_OBJC_ARC = YES;
				CLANG_WARN_BOOL_CONVERSION = YES;
				CLANG_WARN_CONSTANT_CONVERSION = YES;
				CLANG_WARN_DIRECT_OBJC_ISA_USAGE = YES_ERROR;
				CLANG_WARN_EMPTY_BODY = YES;
				CLANG_WARN_ENUM_CONVERSION = YES;
				CLANG_WARN_INT_CONVERSION = YES;
				CLANG_WARN_OBJC_ROOT_CLASS = YES_ERROR;
				CLANG_WARN_UNREACHABLE_CODE = YES;
				CLANG_WARN__DUPLICATE_METHOD_MATCH = YES;
				"CODE_SIGN_IDENTITY[sdk=iphoneos*]" = "iPhone Developer";
				COPY_PHASE_STRIP = NO;
				DEBUG_INFORMATION_FORMAT = "dwarf-with-dsym";
				ENABLE_NS_ASSERTIONS = NO;
				ENABLE_STRICT_OBJC_MSGSEND = YES;
				GCC_C_LANGUAGE_STANDARD = gnu99;
				GCC_NO_COMMON_BLOCKS = YES;
				GCC_WARN_64_TO_32_BIT_CONVERSION = YES;
				GCC_WARN_ABOUT_RETURN_TYPE = YES_ERROR;
				GCC_WARN_UNDECLARED_SELECTOR = YES;
				GCC_WARN_UNINITIALIZED_AUTOS = YES_AGGRESSIVE;
				GCC_WARN_UNUSED_FUNCTION = YES;
				GCC_WARN_UNUSED_VARIABLE = YES;
				IPHONEOS_DEPLOYMENT_TARGET = 8.4;
				MTL_ENABLE_DEBUG_INFO = NO;
				SDKROOT = iphoneos;
				TARGETED_DEVICE_FAMILY = "1,2";
				VALIDATE_PRODUCT = YES;
			};
			name = Release;
		};
		F2F1F74A1B71155B009DBC4C /* Debug */ = {
			isa = XCBuildConfiguration;
			buildSettings = {
				ASSETCATALOG_COMPILER_APPICON_NAME = AppIcon;
				ASSETCATALOG_COMPILER_LAUNCHIMAGE_NAME = BrandAsset;
				ENABLE_BITCODE = NO;
				ENABLE_STRICT_OBJC_MSGSEND = NO;
				GCC_PREFIX_HEADER = "$(SRCROOT)/HXSlideViewController/Header.pch";
				INFOPLIST_FILE = HXSlideViewController/Info.plist;
				LD_RUNPATH_SEARCH_PATHS = "$(inherited) @executable_path/Frameworks";
				PRODUCT_BUNDLE_IDENTIFIER = "com.new-life.$(PRODUCT_NAME:rfc1034identifier)";
				PRODUCT_NAME = "$(TARGET_NAME)";
			};
			name = Debug;
		};
		F2F1F74B1B71155B009DBC4C /* Release */ = {
			isa = XCBuildConfiguration;
			buildSettings = {
				ASSETCATALOG_COMPILER_APPICON_NAME = AppIcon;
				ASSETCATALOG_COMPILER_LAUNCHIMAGE_NAME = BrandAsset;
				ENABLE_BITCODE = NO;
				ENABLE_STRICT_OBJC_MSGSEND = NO;
				GCC_PREFIX_HEADER = "$(SRCROOT)/HXSlideViewController/Header.pch";
				INFOPLIST_FILE = HXSlideViewController/Info.plist;
				LD_RUNPATH_SEARCH_PATHS = "$(inherited) @executable_path/Frameworks";
				PRODUCT_BUNDLE_IDENTIFIER = "com.new-life.$(PRODUCT_NAME:rfc1034identifier)";
				PRODUCT_NAME = "$(TARGET_NAME)";
			};
			name = Release;
		};
		F2F1F74D1B71155B009DBC4C /* Debug */ = {
			isa = XCBuildConfiguration;
			buildSettings = {
				BUNDLE_LOADER = "$(TEST_HOST)";
				FRAMEWORK_SEARCH_PATHS = (
					"$(PLATFORM_DIR)/Developer/Library/Frameworks",
					"$(inherited)",
				);
				GCC_PREPROCESSOR_DEFINITIONS = (
					"DEBUG=1",
					"$(inherited)",
				);
				INFOPLIST_FILE = HXSlideViewControllerTests/Info.plist;
				LD_RUNPATH_SEARCH_PATHS = "$(inherited) @executable_path/Frameworks @loader_path/Frameworks";
				PRODUCT_BUNDLE_IDENTIFIER = "com.new-life.$(PRODUCT_NAME:rfc1034identifier)";
				PRODUCT_NAME = "$(TARGET_NAME)";
				TEST_HOST = "$(BUILT_PRODUCTS_DIR)/HXSlideViewController.app/HXSlideViewController";
			};
			name = Debug;
		};
		F2F1F74E1B71155B009DBC4C /* Release */ = {
			isa = XCBuildConfiguration;
			buildSettings = {
				BUNDLE_LOADER = "$(TEST_HOST)";
				FRAMEWORK_SEARCH_PATHS = (
					"$(PLATFORM_DIR)/Developer/Library/Frameworks",
					"$(inherited)",
				);
				INFOPLIST_FILE = HXSlideViewControllerTests/Info.plist;
				LD_RUNPATH_SEARCH_PATHS = "$(inherited) @executable_path/Frameworks @loader_path/Frameworks";
				PRODUCT_BUNDLE_IDENTIFIER = "com.new-life.$(PRODUCT_NAME:rfc1034identifier)";
				PRODUCT_NAME = "$(TARGET_NAME)";
				TEST_HOST = "$(BUILT_PRODUCTS_DIR)/HXSlideViewController.app/HXSlideViewController";
			};
			name = Release;
		};
/* End XCBuildConfiguration section */

/* Begin XCConfigurationList section */
		F2F1F71E1B71155B009DBC4C /* Build configuration list for PBXProject "HXSlideViewController" */ = {
			isa = XCConfigurationList;
			buildConfigurations = (
				F2F1F7471B71155B009DBC4C /* Debug */,
				F2F1F7481B71155B009DBC4C /* Release */,
			);
			defaultConfigurationIsVisible = 0;
			defaultConfigurationName = Release;
		};
		F2F1F7491B71155B009DBC4C /* Build configuration list for PBXNativeTarget "HXSlideViewController" */ = {
			isa = XCConfigurationList;
			buildConfigurations = (
				F2F1F74A1B71155B009DBC4C /* Debug */,
				F2F1F74B1B71155B009DBC4C /* Release */,
			);
			defaultConfigurationIsVisible = 0;
			defaultConfigurationName = Release;
		};
		F2F1F74C1B71155B009DBC4C /* Build configuration list for PBXNativeTarget "HXSlideViewControllerTests" */ = {
			isa = XCConfigurationList;
			buildConfigurations = (
				F2F1F74D1B71155B009DBC4C /* Debug */,
				F2F1F74E1B71155B009DBC4C /* Release */,
			);
			defaultConfigurationIsVisible = 0;
			defaultConfigurationName = Release;
		};
/* End XCConfigurationList section */

/* Begin XCVersionGroup section */
		F2F1F72D1B71155B009DBC4C /* HXSlideViewController.xcdatamodeld */ = {
			isa = XCVersionGroup;
			children = (
				F2F1F72E1B71155B009DBC4C /* HXSlideViewController.xcdatamodel */,
			);
			currentVersion = F2F1F72E1B71155B009DBC4C /* HXSlideViewController.xcdatamodel */;
			path = HXSlideViewController.xcdatamodeld;
			sourceTree = "<group>";
			versionGroupType = wrapper.xcdatamodel;
		};
/* End XCVersionGroup section */
	};
	rootObject = F2F1F71B1B71155B009DBC4C /* Project object */;
}
